
Microsoft Visual Studio Solution File, Format Version 12.00
# Visual Studio 15
VisualStudioVersion = 15.0.28010.2016
MinimumVisualStudioVersion = 10.0.40219.1
Project("{FAE04EC0-301F-11D3-BF4B-00C04F79EFBC}") = "NoteApp", "NoteApp\NoteApp.csproj", "{66D1928D-FCA0-4A01-9A26-A3A2C1178A73}"
EndProject
Project("{FAE04EC0-301F-11D3-BF4B-00C04F79EFBC}") = "NoteApp.Model", "NoteApp.Model\NoteApp.Model.csproj", "{853988AA-3993-45CD-830B-BC401AE3CADB}"
EndProject
Project("{FAE04EC0-301F-11D3-BF4B-00C04F79EFBC}") = "NoteAppTests", "NoteAppTests\NoteAppTests.csproj", "{329E6EBF-2C46-4DCA-92AA-C006D5188F68}"
EndProject
Global
	GlobalSection(SolutionConfigurationPlatforms) = preSolution
		Debug|Any CPU = Debug|Any CPU
		Release|Any CPU = Release|Any CPU
	EndGlobalSection
	GlobalSection(ProjectConfigurationPlatforms) = postSolution
		{66D1928D-FCA0-4A01-9A26-A3A2C1178A73}.Debug|Any CPU.ActiveCfg = Debug|Any CPU
		{66D1928D-FCA0-4A01-9A26-A3A2C1178A73}.Debug|Any CPU.Build.0 = Debug|Any CPU
		{66D1928D-FCA0-4A01-9A26-A3A2C1178A73}.Release|Any CPU.ActiveCfg = Release|Any CPU
		{66D1928D-FCA0-4A01-9A26-A3A2C1178A73}.Release|Any CPU.Build.0 = Release|Any CPU
		{853988AA-3993-45CD-830B-BC401AE3CADB}.Debug|Any CPU.ActiveCfg = Debug|Any CPU
		{853988AA-3993-45CD-830B-BC401AE3CADB}.Debug|Any CPU.Build.0 = Debug|Any CPU
		{853988AA-3993-45CD-830B-BC401AE3CADB}.Release|Any CPU.ActiveCfg = Release|Any CPU
		{853988AA-3993-45CD-830B-BC401AE3CADB}.Release|Any CPU.Build.0 = Release|Any CPU
		{329E6EBF-2C46-4DCA-92AA-C006D5188F68}.Debug|Any CPU.ActiveCfg = Debug|Any CPU
		{329E6EBF-2C46-4DCA-92AA-C006D5188F68}.Debug|Any CPU.Build.0 = Debug|Any CPU
		{329E6EBF-2C46-4DCA-92AA-C006D5188F68}.Release|Any CPU.ActiveCfg = Release|Any CPU
		{329E6EBF-2C46-4DCA-92AA-C006D5188F68}.Release|Any CPU.Build.0 = Release|Any CPU
	EndGlobalSection
	GlobalSection(SolutionProperties) = preSolution
		HideSolutionNode = FALSE
	EndGlobalSection
	GlobalSection(ExtensibilityGlobals) = postSolution
		SolutionGuid = {F21622CB-3F47-4501-B8A3-C36D4020D493}
	EndGlobalSection
EndGlobal
